{
  "name": "web",
  "version": "1.0.0",
  "lockfileVersion": 3,
  "requires": true,
  "packages": {
    "": {
      "name": "web",
      "version": "1.0.0",
      "license": "ISC",
      "dependencies": {
        "@types/gapi": "^0.0.47",
        "@types/gapi.drive": "^0.0.9"
      }
    },
    "node_modules/@types/gapi": {
      "version": "0.0.47",
      "resolved": "https://registry.npmjs.org/@types/gapi/-/gapi-0.0.47.tgz",
      "integrity": "sha512-/ZsLuq6BffMgbKMtZyDZ8vwQvTyKhKQ1G2K6VyWCgtHHhfSSXbk4+4JwImZiTjWNXfI2q1ZStAwFFHSkNoTkHA==",
      "license": "MIT"
    },
    "node_modules/@types/gapi.drive": {
      "version": "0.0.9",
      "resolved": "https://registry.npmjs.org/@types/gapi.drive/-/gapi.drive-0.0.9.tgz",
      "integrity": "sha512-rnghODv+qpNm3qmb0AQckxfk15MncsuDClqPynoBphgDDmTNj6bC3Sax1GvvTvuYA+lCLtFSZNwRhgiUsIyKQw==",
      "license": "MIT",
      "dependencies": {
        "@types/gapi": "*"
      }
    }
  }
}
